
Microsoft Visual Studio Solution File, Format Version 9.00
# Visual C# Express 2005
Project("{FAE04EC0-301F-11D3-BF4B-00C04F79EFBC}") = "TradeLib", "TradeLib\TradeLib.csproj", "{A0FE06A2-F31B-49DE-8901-917B5D593E43}"
EndProject
Project("{FAE04EC0-301F-11D3-BF4B-00C04F79EFBC}") = "TimeSales", "TimeAndSales\TimeSales.csproj", "{5FE9B310-BE7C-4ADE-8D33-DB8646D8FC3C}"
EndProject
Project("{FAE04EC0-301F-11D3-BF4B-00C04F79EFBC}") = "SplitEPF", "SplitEPF\SplitEPF.csproj", "{27B62DDE-28DF-4EEB-BE4D-8CC58EB1635C}"
EndProject
Project("{FAE04EC0-301F-11D3-BF4B-00C04F79EFBC}") = "Replay", "Replay\Replay.csproj", "{4D860426-D12D-445C-9081-5663EF37D8AF}"
EndProject
Project("{FAE04EC0-301F-11D3-BF4B-00C04F79EFBC}") = "Quotopia", "Quotopia\Quotopia.csproj", "{F1751F8E-03C9-4AA7-B2B3-BA7B22C57E57}"
EndProject
Project("{FAE04EC0-301F-11D3-BF4B-00C04F79EFBC}") = "Gauntlet", "Gauntlet\Gauntlet.csproj", "{97B840F1-FEFE-4768-9E07-F3353490490C}"
EndProject
Project("{FAE04EC0-301F-11D3-BF4B-00C04F79EFBC}") = "EPF2IDX", "EPF2IDX\EPF2IDX.csproj", "{153F176E-A2C7-4DC7-A5A3-63EC2C3AF2BD}"
EndProject
Project("{FAE04EC0-301F-11D3-BF4B-00C04F79EFBC}") = "Chartographer", "Chartographer\Chartographer.csproj", "{3E3B2D64-0866-409C-A77C-2ED065162ACE}"
EndProject
Project("{FAE04EC0-301F-11D3-BF4B-00C04F79EFBC}") = "TestTradeLib", "TradeLib\TestTradeLib.csproj", "{293780F0-4BE5-49F9-8720-CFD5F79EC77D}"
EndProject
Project("{FAE04EC0-301F-11D3-BF4B-00C04F79EFBC}") = "Box-Examples", "Box-Examples\Box-Examples.csproj", "{3443CCF0-9CA3-46BD-A1D8-5455AA178F0F}"
EndProject
Project("{FAE04EC0-301F-11D3-BF4B-00C04F79EFBC}") = "Tattle", "Tattle\Tattle.csproj", "{0A64C62F-11F1-4F32-99E0-E8F0F76C2594}"
EndProject
Project("{FAE04EC0-301F-11D3-BF4B-00C04F79EFBC}") = "Kadina", "Kadina\Kadina.csproj", "{CBFC2B24-738F-4F0C-8B57-BE478BB15382}"
EndProject
Project("{FAE04EC0-301F-11D3-BF4B-00C04F79EFBC}") = "Tript", "Tript\Tript.csproj", "{7CECE073-B5C3-4CBA-ACFB-4A569687BC75}"
EndProject
Project("{FAE04EC0-301F-11D3-BF4B-00C04F79EFBC}") = "ASP", "ASP\ASP.csproj", "{3A103592-BBF4-450B-8972-F4B9EB5B10E2}"
EndProject
Project("{FAE04EC0-301F-11D3-BF4B-00C04F79EFBC}") = "ResearchLib", "ResearchLib\ResearchLib.csproj", "{BBDF2EFE-BFE6-4880-977B-4724C3A67D76}"
EndProject
Project("{FAE04EC0-301F-11D3-BF4B-00C04F79EFBC}") = "Record", "Record\Record.csproj", "{B9E0C89A-A460-4C03-A65C-DF8EA0A3B89F}"
EndProject
Global
	GlobalSection(SolutionConfigurationPlatforms) = preSolution
		Debug|Any CPU = Debug|Any CPU
		Release|Any CPU = Release|Any CPU
	EndGlobalSection
	GlobalSection(ProjectConfigurationPlatforms) = postSolution
		{A0FE06A2-F31B-49DE-8901-917B5D593E43}.Debug|Any CPU.ActiveCfg = Debug|Any CPU
		{A0FE06A2-F31B-49DE-8901-917B5D593E43}.Debug|Any CPU.Build.0 = Debug|Any CPU
		{A0FE06A2-F31B-49DE-8901-917B5D593E43}.Release|Any CPU.ActiveCfg = Release|Any CPU
		{A0FE06A2-F31B-49DE-8901-917B5D593E43}.Release|Any CPU.Build.0 = Release|Any CPU
		{5FE9B310-BE7C-4ADE-8D33-DB8646D8FC3C}.Debug|Any CPU.ActiveCfg = Debug|Any CPU
		{5FE9B310-BE7C-4ADE-8D33-DB8646D8FC3C}.Debug|Any CPU.Build.0 = Debug|Any CPU
		{5FE9B310-BE7C-4ADE-8D33-DB8646D8FC3C}.Release|Any CPU.ActiveCfg = Release|Any CPU
		{5FE9B310-BE7C-4ADE-8D33-DB8646D8FC3C}.Release|Any CPU.Build.0 = Release|Any CPU
		{27B62DDE-28DF-4EEB-BE4D-8CC58EB1635C}.Debug|Any CPU.ActiveCfg = Debug|Any CPU
		{27B62DDE-28DF-4EEB-BE4D-8CC58EB1635C}.Debug|Any CPU.Build.0 = Debug|Any CPU
		{27B62DDE-28DF-4EEB-BE4D-8CC58EB1635C}.Release|Any CPU.ActiveCfg = Release|Any CPU
		{27B62DDE-28DF-4EEB-BE4D-8CC58EB1635C}.Release|Any CPU.Build.0 = Release|Any CPU
		{4D860426-D12D-445C-9081-5663EF37D8AF}.Debug|Any CPU.ActiveCfg = Debug|Any CPU
		{4D860426-D12D-445C-9081-5663EF37D8AF}.Debug|Any CPU.Build.0 = Debug|Any CPU
		{4D860426-D12D-445C-9081-5663EF37D8AF}.Release|Any CPU.ActiveCfg = Release|Any CPU
		{4D860426-D12D-445C-9081-5663EF37D8AF}.Release|Any CPU.Build.0 = Release|Any CPU
		{F1751F8E-03C9-4AA7-B2B3-BA7B22C57E57}.Debug|Any CPU.ActiveCfg = Debug|Any CPU
		{F1751F8E-03C9-4AA7-B2B3-BA7B22C57E57}.Debug|Any CPU.Build.0 = Debug|Any CPU
		{F1751F8E-03C9-4AA7-B2B3-BA7B22C57E57}.Release|Any CPU.ActiveCfg = Release|Any CPU
		{F1751F8E-03C9-4AA7-B2B3-BA7B22C57E57}.Release|Any CPU.Build.0 = Release|Any CPU
		{97B840F1-FEFE-4768-9E07-F3353490490C}.Debug|Any CPU.ActiveCfg = Debug|Any CPU
		{97B840F1-FEFE-4768-9E07-F3353490490C}.Debug|Any CPU.Build.0 = Debug|Any CPU
		{97B840F1-FEFE-4768-9E07-F3353490490C}.Release|Any CPU.ActiveCfg = Release|Any CPU
		{97B840F1-FEFE-4768-9E07-F3353490490C}.Release|Any CPU.Build.0 = Release|Any CPU
		{153F176E-A2C7-4DC7-A5A3-63EC2C3AF2BD}.Debug|Any CPU.ActiveCfg = Debug|Any CPU
		{153F176E-A2C7-4DC7-A5A3-63EC2C3AF2BD}.Debug|Any CPU.Build.0 = Debug|Any CPU
		{153F176E-A2C7-4DC7-A5A3-63EC2C3AF2BD}.Release|Any CPU.ActiveCfg = Release|Any CPU
		{153F176E-A2C7-4DC7-A5A3-63EC2C3AF2BD}.Release|Any CPU.Build.0 = Release|Any CPU
		{3E3B2D64-0866-409C-A77C-2ED065162ACE}.Debug|Any CPU.ActiveCfg = Debug|Any CPU
		{3E3B2D64-0866-409C-A77C-2ED065162ACE}.Debug|Any CPU.Build.0 = Debug|Any CPU
		{3E3B2D64-0866-409C-A77C-2ED065162ACE}.Release|Any CPU.ActiveCfg = Release|Any CPU
		{3E3B2D64-0866-409C-A77C-2ED065162ACE}.Release|Any CPU.Build.0 = Release|Any CPU
		{293780F0-4BE5-49F9-8720-CFD5F79EC77D}.Debug|Any CPU.ActiveCfg = Debug|Any CPU
		{293780F0-4BE5-49F9-8720-CFD5F79EC77D}.Debug|Any CPU.Build.0 = Debug|Any CPU
		{293780F0-4BE5-49F9-8720-CFD5F79EC77D}.Release|Any CPU.ActiveCfg = Release|Any CPU
		{293780F0-4BE5-49F9-8720-CFD5F79EC77D}.Release|Any CPU.Build.0 = Release|Any CPU
		{3443CCF0-9CA3-46BD-A1D8-5455AA178F0F}.Debug|Any CPU.ActiveCfg = Debug|Any CPU
		{3443CCF0-9CA3-46BD-A1D8-5455AA178F0F}.Debug|Any CPU.Build.0 = Debug|Any CPU
		{3443CCF0-9CA3-46BD-A1D8-5455AA178F0F}.Release|Any CPU.ActiveCfg = Release|Any CPU
		{3443CCF0-9CA3-46BD-A1D8-5455AA178F0F}.Release|Any CPU.Build.0 = Release|Any CPU
		{0A64C62F-11F1-4F32-99E0-E8F0F76C2594}.Debug|Any CPU.ActiveCfg = Debug|Any CPU
		{0A64C62F-11F1-4F32-99E0-E8F0F76C2594}.Debug|Any CPU.Build.0 = Debug|Any CPU
		{0A64C62F-11F1-4F32-99E0-E8F0F76C2594}.Release|Any CPU.ActiveCfg = Release|Any CPU
		{0A64C62F-11F1-4F32-99E0-E8F0F76C2594}.Release|Any CPU.Build.0 = Release|Any CPU
		{CBFC2B24-738F-4F0C-8B57-BE478BB15382}.Debug|Any CPU.ActiveCfg = Debug|Any CPU
		{CBFC2B24-738F-4F0C-8B57-BE478BB15382}.Debug|Any CPU.Build.0 = Debug|Any CPU
		{CBFC2B24-738F-4F0C-8B57-BE478BB15382}.Release|Any CPU.ActiveCfg = Release|Any CPU
		{CBFC2B24-738F-4F0C-8B57-BE478BB15382}.Release|Any CPU.Build.0 = Release|Any CPU
		{7CECE073-B5C3-4CBA-ACFB-4A569687BC75}.Debug|Any CPU.ActiveCfg = Debug|Any CPU
		{7CECE073-B5C3-4CBA-ACFB-4A569687BC75}.Debug|Any CPU.Build.0 = Debug|Any CPU
		{7CECE073-B5C3-4CBA-ACFB-4A569687BC75}.Release|Any CPU.ActiveCfg = Release|Any CPU
		{7CECE073-B5C3-4CBA-ACFB-4A569687BC75}.Release|Any CPU.Build.0 = Release|Any CPU
		{3A103592-BBF4-450B-8972-F4B9EB5B10E2}.Debug|Any CPU.ActiveCfg = Debug|Any CPU
		{3A103592-BBF4-450B-8972-F4B9EB5B10E2}.Debug|Any CPU.Build.0 = Debug|Any CPU
		{3A103592-BBF4-450B-8972-F4B9EB5B10E2}.Release|Any CPU.ActiveCfg = Release|Any CPU
		{3A103592-BBF4-450B-8972-F4B9EB5B10E2}.Release|Any CPU.Build.0 = Release|Any CPU
		{BBDF2EFE-BFE6-4880-977B-4724C3A67D76}.Debug|Any CPU.ActiveCfg = Debug|Any CPU
		{BBDF2EFE-BFE6-4880-977B-4724C3A67D76}.Debug|Any CPU.Build.0 = Debug|Any CPU
		{BBDF2EFE-BFE6-4880-977B-4724C3A67D76}.Release|Any CPU.ActiveCfg = Release|Any CPU
		{BBDF2EFE-BFE6-4880-977B-4724C3A67D76}.Release|Any CPU.Build.0 = Release|Any CPU
		{B9E0C89A-A460-4C03-A65C-DF8EA0A3B89F}.Debug|Any CPU.ActiveCfg = Debug|Any CPU
		{B9E0C89A-A460-4C03-A65C-DF8EA0A3B89F}.Debug|Any CPU.Build.0 = Debug|Any CPU
		{B9E0C89A-A460-4C03-A65C-DF8EA0A3B89F}.Release|Any CPU.ActiveCfg = Release|Any CPU
		{B9E0C89A-A460-4C03-A65C-DF8EA0A3B89F}.Release|Any CPU.Build.0 = Release|Any CPU
	EndGlobalSection
	GlobalSection(SolutionProperties) = preSolution
		HideSolutionNode = FALSE
	EndGlobalSection
EndGlobal
