
Microsoft Visual Studio Solution File, Format Version 10.00
# Visual C# Express 2008
Project("{FAE04EC0-301F-11D3-BF4B-00C04F79EFBC}") = "TimeSales", "TimeAndSales\TimeSales.csproj", "{5FE9B310-BE7C-4ADE-8D33-DB8646D8FC3C}"
EndProject
Project("{FAE04EC0-301F-11D3-BF4B-00C04F79EFBC}") = "SplitEPF", "SplitEPF\SplitEPF.csproj", "{27B62DDE-28DF-4EEB-BE4D-8CC58EB1635C}"
EndProject
Project("{FAE04EC0-301F-11D3-BF4B-00C04F79EFBC}") = "Replay", "Replay\Replay.csproj", "{4D860426-D12D-445C-9081-5663EF37D8AF}"
EndProject
Project("{FAE04EC0-301F-11D3-BF4B-00C04F79EFBC}") = "Quotopia", "Quotopia\Quotopia.csproj", "{F1751F8E-03C9-4AA7-B2B3-BA7B22C57E57}"
EndProject
Project("{FAE04EC0-301F-11D3-BF4B-00C04F79EFBC}") = "Gauntlet", "Gauntlet\Gauntlet.csproj", "{97B840F1-FEFE-4768-9E07-F3353490490C}"
EndProject
Project("{FAE04EC0-301F-11D3-BF4B-00C04F79EFBC}") = "Chartographer", "Chartographer\Chartographer.csproj", "{3E3B2D64-0866-409C-A77C-2ED065162ACE}"
EndProject
Project("{FAE04EC0-301F-11D3-BF4B-00C04F79EFBC}") = "Tattle", "Tattle\Tattle.csproj", "{0A64C62F-11F1-4F32-99E0-E8F0F76C2594}"
EndProject
Project("{FAE04EC0-301F-11D3-BF4B-00C04F79EFBC}") = "Kadina", "Kadina\Kadina.csproj", "{CBFC2B24-738F-4F0C-8B57-BE478BB15382}"
EndProject
Project("{FAE04EC0-301F-11D3-BF4B-00C04F79EFBC}") = "Tript", "Tript\Tript.csproj", "{7CECE073-B5C3-4CBA-ACFB-4A569687BC75}"
EndProject
Project("{FAE04EC0-301F-11D3-BF4B-00C04F79EFBC}") = "ASP", "ASP\ASP.csproj", "{3A103592-BBF4-450B-8972-F4B9EB5B10E2}"
EndProject
Project("{FAE04EC0-301F-11D3-BF4B-00C04F79EFBC}") = "Record", "Record\Record.csproj", "{B9E0C89A-A460-4C03-A65C-DF8EA0A3B89F}"
EndProject
Project("{FAE04EC0-301F-11D3-BF4B-00C04F79EFBC}") = "SterServer", "SterServer\SterServer.csproj", "{4D10F179-3316-4B6D-AF93-E9D2543469F4}"
EndProject
Project("{FAE04EC0-301F-11D3-BF4B-00C04F79EFBC}") = "Update", "Update\Update.csproj", "{2F1D368C-358E-441B-908A-475DFAB87550}"
EndProject
Project("{FAE04EC0-301F-11D3-BF4B-00C04F79EFBC}") = "Responses", "Responses\Responses.csproj", "{3443CCF0-9CA3-46BD-A1D8-5455AA178F0F}"
EndProject
Project("{FAE04EC0-301F-11D3-BF4B-00C04F79EFBC}") = "TradeLink.API", "TradeLinkAPI\TradeLink.API.csproj", "{1B99C9ED-7AF1-4D48-AC9D-A97CF30E1A82}"
EndProject
Project("{FAE04EC0-301F-11D3-BF4B-00C04F79EFBC}") = "TradeLink.Common", "TradeLinkCommon\TradeLink.Common.csproj", "{A0FE06A2-F31B-49DE-8901-917B5D593E43}"
EndProject
Project("{FAE04EC0-301F-11D3-BF4B-00C04F79EFBC}") = "TDServer", "ServerTD\TDServer.csproj", "{0AB0EA89-43E8-4A04-81B6-7554A692FF93}"
EndProject
Project("{FAE04EC0-301F-11D3-BF4B-00C04F79EFBC}") = "TradeLink.Tests", "TradeLinkTests\TradeLink.Tests.csproj", "{293780F0-4BE5-49F9-8720-CFD5F79EC77D}"
EndProject
Project("{FAE04EC0-301F-11D3-BF4B-00C04F79EFBC}") = "TradeLink.Research", "TradeLinkResearch\TradeLink.Research.csproj", "{BBDF2EFE-BFE6-4880-977B-4724C3A67D76}"
EndProject
Project("{FAE04EC0-301F-11D3-BF4B-00C04F79EFBC}") = "ServerMB", "ServerMB\ServerMB.csproj", "{FC5B2974-2A1D-4A07-8643-F533461788B5}"
EndProject
Project("{FAE04EC0-301F-11D3-BF4B-00C04F79EFBC}") = "ResponseTests", "ResponseTests\ResponseTests.csproj", "{CA35A2EC-85DB-4C92-A560-F3B4A9A54F67}"
EndProject
Project("{FAE04EC0-301F-11D3-BF4B-00C04F79EFBC}") = "TS2EPF", "TS2EPF\TS2EPF.csproj", "{28F09B37-5740-44FA-9AB1-BF3BC6A65DA5}"
EndProject
Project("{FAE04EC0-301F-11D3-BF4B-00C04F79EFBC}") = "CQG2EPF", "CQG2EPF\CQG2EPF.csproj", "{2ED3BB05-8CE3-4D85-9C93-0BBC002D6890}"
EndProject
Project("{FAE04EC0-301F-11D3-BF4B-00C04F79EFBC}") = "ServerGenesis", "ServerGenesis\ServerGenesis.csproj", "{5F25DD44-4516-42B7-B371-F94EE0D6EC34}"
EndProject
Global
	GlobalSection(SolutionConfigurationPlatforms) = preSolution
		Debug|Any CPU = Debug|Any CPU
		Release|Any CPU = Release|Any CPU
	EndGlobalSection
	GlobalSection(ProjectConfigurationPlatforms) = postSolution
		{5FE9B310-BE7C-4ADE-8D33-DB8646D8FC3C}.Debug|Any CPU.ActiveCfg = Debug|Any CPU
		{5FE9B310-BE7C-4ADE-8D33-DB8646D8FC3C}.Debug|Any CPU.Build.0 = Debug|Any CPU
		{5FE9B310-BE7C-4ADE-8D33-DB8646D8FC3C}.Release|Any CPU.ActiveCfg = Release|Any CPU
		{5FE9B310-BE7C-4ADE-8D33-DB8646D8FC3C}.Release|Any CPU.Build.0 = Release|Any CPU
		{27B62DDE-28DF-4EEB-BE4D-8CC58EB1635C}.Debug|Any CPU.ActiveCfg = Debug|Any CPU
		{27B62DDE-28DF-4EEB-BE4D-8CC58EB1635C}.Debug|Any CPU.Build.0 = Debug|Any CPU
		{27B62DDE-28DF-4EEB-BE4D-8CC58EB1635C}.Release|Any CPU.ActiveCfg = Release|Any CPU
		{27B62DDE-28DF-4EEB-BE4D-8CC58EB1635C}.Release|Any CPU.Build.0 = Release|Any CPU
		{4D860426-D12D-445C-9081-5663EF37D8AF}.Debug|Any CPU.ActiveCfg = Debug|Any CPU
		{4D860426-D12D-445C-9081-5663EF37D8AF}.Debug|Any CPU.Build.0 = Debug|Any CPU
		{4D860426-D12D-445C-9081-5663EF37D8AF}.Release|Any CPU.ActiveCfg = Release|Any CPU
		{4D860426-D12D-445C-9081-5663EF37D8AF}.Release|Any CPU.Build.0 = Release|Any CPU
		{F1751F8E-03C9-4AA7-B2B3-BA7B22C57E57}.Debug|Any CPU.ActiveCfg = Debug|Any CPU
		{F1751F8E-03C9-4AA7-B2B3-BA7B22C57E57}.Debug|Any CPU.Build.0 = Debug|Any CPU
		{F1751F8E-03C9-4AA7-B2B3-BA7B22C57E57}.Release|Any CPU.ActiveCfg = Release|Any CPU
		{F1751F8E-03C9-4AA7-B2B3-BA7B22C57E57}.Release|Any CPU.Build.0 = Release|Any CPU
		{97B840F1-FEFE-4768-9E07-F3353490490C}.Debug|Any CPU.ActiveCfg = Debug|Any CPU
		{97B840F1-FEFE-4768-9E07-F3353490490C}.Debug|Any CPU.Build.0 = Debug|Any CPU
		{97B840F1-FEFE-4768-9E07-F3353490490C}.Release|Any CPU.ActiveCfg = Release|Any CPU
		{97B840F1-FEFE-4768-9E07-F3353490490C}.Release|Any CPU.Build.0 = Release|Any CPU
		{3E3B2D64-0866-409C-A77C-2ED065162ACE}.Debug|Any CPU.ActiveCfg = Debug|Any CPU
		{3E3B2D64-0866-409C-A77C-2ED065162ACE}.Debug|Any CPU.Build.0 = Debug|Any CPU
		{3E3B2D64-0866-409C-A77C-2ED065162ACE}.Release|Any CPU.ActiveCfg = Release|Any CPU
		{3E3B2D64-0866-409C-A77C-2ED065162ACE}.Release|Any CPU.Build.0 = Release|Any CPU
		{0A64C62F-11F1-4F32-99E0-E8F0F76C2594}.Debug|Any CPU.ActiveCfg = Debug|Any CPU
		{0A64C62F-11F1-4F32-99E0-E8F0F76C2594}.Debug|Any CPU.Build.0 = Debug|Any CPU
		{0A64C62F-11F1-4F32-99E0-E8F0F76C2594}.Release|Any CPU.ActiveCfg = Release|Any CPU
		{0A64C62F-11F1-4F32-99E0-E8F0F76C2594}.Release|Any CPU.Build.0 = Release|Any CPU
		{CBFC2B24-738F-4F0C-8B57-BE478BB15382}.Debug|Any CPU.ActiveCfg = Debug|Any CPU
		{CBFC2B24-738F-4F0C-8B57-BE478BB15382}.Debug|Any CPU.Build.0 = Debug|Any CPU
		{CBFC2B24-738F-4F0C-8B57-BE478BB15382}.Release|Any CPU.ActiveCfg = Release|Any CPU
		{CBFC2B24-738F-4F0C-8B57-BE478BB15382}.Release|Any CPU.Build.0 = Release|Any CPU
		{7CECE073-B5C3-4CBA-ACFB-4A569687BC75}.Debug|Any CPU.ActiveCfg = Debug|Any CPU
		{7CECE073-B5C3-4CBA-ACFB-4A569687BC75}.Debug|Any CPU.Build.0 = Debug|Any CPU
		{7CECE073-B5C3-4CBA-ACFB-4A569687BC75}.Release|Any CPU.ActiveCfg = Release|Any CPU
		{7CECE073-B5C3-4CBA-ACFB-4A569687BC75}.Release|Any CPU.Build.0 = Release|Any CPU
		{3A103592-BBF4-450B-8972-F4B9EB5B10E2}.Debug|Any CPU.ActiveCfg = Debug|Any CPU
		{3A103592-BBF4-450B-8972-F4B9EB5B10E2}.Debug|Any CPU.Build.0 = Debug|Any CPU
		{3A103592-BBF4-450B-8972-F4B9EB5B10E2}.Release|Any CPU.ActiveCfg = Release|Any CPU
		{3A103592-BBF4-450B-8972-F4B9EB5B10E2}.Release|Any CPU.Build.0 = Release|Any CPU
		{B9E0C89A-A460-4C03-A65C-DF8EA0A3B89F}.Debug|Any CPU.ActiveCfg = Debug|Any CPU
		{B9E0C89A-A460-4C03-A65C-DF8EA0A3B89F}.Debug|Any CPU.Build.0 = Debug|Any CPU
		{B9E0C89A-A460-4C03-A65C-DF8EA0A3B89F}.Release|Any CPU.ActiveCfg = Release|Any CPU
		{B9E0C89A-A460-4C03-A65C-DF8EA0A3B89F}.Release|Any CPU.Build.0 = Release|Any CPU
		{4D10F179-3316-4B6D-AF93-E9D2543469F4}.Debug|Any CPU.ActiveCfg = Debug|Any CPU
		{4D10F179-3316-4B6D-AF93-E9D2543469F4}.Debug|Any CPU.Build.0 = Debug|Any CPU
		{4D10F179-3316-4B6D-AF93-E9D2543469F4}.Release|Any CPU.ActiveCfg = Release|Any CPU
		{4D10F179-3316-4B6D-AF93-E9D2543469F4}.Release|Any CPU.Build.0 = Release|Any CPU
		{2F1D368C-358E-441B-908A-475DFAB87550}.Debug|Any CPU.ActiveCfg = Debug|Any CPU
		{2F1D368C-358E-441B-908A-475DFAB87550}.Debug|Any CPU.Build.0 = Debug|Any CPU
		{2F1D368C-358E-441B-908A-475DFAB87550}.Release|Any CPU.ActiveCfg = Release|Any CPU
		{2F1D368C-358E-441B-908A-475DFAB87550}.Release|Any CPU.Build.0 = Release|Any CPU
		{3443CCF0-9CA3-46BD-A1D8-5455AA178F0F}.Debug|Any CPU.ActiveCfg = Debug|Any CPU
		{3443CCF0-9CA3-46BD-A1D8-5455AA178F0F}.Debug|Any CPU.Build.0 = Debug|Any CPU
		{3443CCF0-9CA3-46BD-A1D8-5455AA178F0F}.Release|Any CPU.ActiveCfg = Release|Any CPU
		{3443CCF0-9CA3-46BD-A1D8-5455AA178F0F}.Release|Any CPU.Build.0 = Release|Any CPU
		{1B99C9ED-7AF1-4D48-AC9D-A97CF30E1A82}.Debug|Any CPU.ActiveCfg = Debug|Any CPU
		{1B99C9ED-7AF1-4D48-AC9D-A97CF30E1A82}.Debug|Any CPU.Build.0 = Debug|Any CPU
		{1B99C9ED-7AF1-4D48-AC9D-A97CF30E1A82}.Release|Any CPU.ActiveCfg = Release|Any CPU
		{1B99C9ED-7AF1-4D48-AC9D-A97CF30E1A82}.Release|Any CPU.Build.0 = Release|Any CPU
		{A0FE06A2-F31B-49DE-8901-917B5D593E43}.Debug|Any CPU.ActiveCfg = Debug|Any CPU
		{A0FE06A2-F31B-49DE-8901-917B5D593E43}.Debug|Any CPU.Build.0 = Debug|Any CPU
		{A0FE06A2-F31B-49DE-8901-917B5D593E43}.Release|Any CPU.ActiveCfg = Release|Any CPU
		{A0FE06A2-F31B-49DE-8901-917B5D593E43}.Release|Any CPU.Build.0 = Release|Any CPU
		{0AB0EA89-43E8-4A04-81B6-7554A692FF93}.Debug|Any CPU.ActiveCfg = Debug|Any CPU
		{0AB0EA89-43E8-4A04-81B6-7554A692FF93}.Debug|Any CPU.Build.0 = Debug|Any CPU
		{0AB0EA89-43E8-4A04-81B6-7554A692FF93}.Release|Any CPU.ActiveCfg = Release|Any CPU
		{0AB0EA89-43E8-4A04-81B6-7554A692FF93}.Release|Any CPU.Build.0 = Release|Any CPU
		{293780F0-4BE5-49F9-8720-CFD5F79EC77D}.Debug|Any CPU.ActiveCfg = Debug|Any CPU
		{293780F0-4BE5-49F9-8720-CFD5F79EC77D}.Debug|Any CPU.Build.0 = Debug|Any CPU
		{293780F0-4BE5-49F9-8720-CFD5F79EC77D}.Release|Any CPU.ActiveCfg = Release|Any CPU
		{293780F0-4BE5-49F9-8720-CFD5F79EC77D}.Release|Any CPU.Build.0 = Release|Any CPU
		{BBDF2EFE-BFE6-4880-977B-4724C3A67D76}.Debug|Any CPU.ActiveCfg = Debug|Any CPU
		{BBDF2EFE-BFE6-4880-977B-4724C3A67D76}.Debug|Any CPU.Build.0 = Debug|Any CPU
		{BBDF2EFE-BFE6-4880-977B-4724C3A67D76}.Release|Any CPU.ActiveCfg = Release|Any CPU
		{BBDF2EFE-BFE6-4880-977B-4724C3A67D76}.Release|Any CPU.Build.0 = Release|Any CPU
		{FC5B2974-2A1D-4A07-8643-F533461788B5}.Debug|Any CPU.ActiveCfg = Debug|Any CPU
		{FC5B2974-2A1D-4A07-8643-F533461788B5}.Debug|Any CPU.Build.0 = Debug|Any CPU
		{FC5B2974-2A1D-4A07-8643-F533461788B5}.Release|Any CPU.ActiveCfg = Release|Any CPU
		{FC5B2974-2A1D-4A07-8643-F533461788B5}.Release|Any CPU.Build.0 = Release|Any CPU
		{CA35A2EC-85DB-4C92-A560-F3B4A9A54F67}.Debug|Any CPU.ActiveCfg = Debug|Any CPU
		{CA35A2EC-85DB-4C92-A560-F3B4A9A54F67}.Debug|Any CPU.Build.0 = Debug|Any CPU
		{CA35A2EC-85DB-4C92-A560-F3B4A9A54F67}.Release|Any CPU.ActiveCfg = Release|Any CPU
		{CA35A2EC-85DB-4C92-A560-F3B4A9A54F67}.Release|Any CPU.Build.0 = Release|Any CPU
		{28F09B37-5740-44FA-9AB1-BF3BC6A65DA5}.Debug|Any CPU.ActiveCfg = Debug|Any CPU
		{28F09B37-5740-44FA-9AB1-BF3BC6A65DA5}.Debug|Any CPU.Build.0 = Debug|Any CPU
		{28F09B37-5740-44FA-9AB1-BF3BC6A65DA5}.Release|Any CPU.ActiveCfg = Release|Any CPU
		{28F09B37-5740-44FA-9AB1-BF3BC6A65DA5}.Release|Any CPU.Build.0 = Release|Any CPU
		{2ED3BB05-8CE3-4D85-9C93-0BBC002D6890}.Debug|Any CPU.ActiveCfg = Debug|Any CPU
		{2ED3BB05-8CE3-4D85-9C93-0BBC002D6890}.Debug|Any CPU.Build.0 = Debug|Any CPU
		{2ED3BB05-8CE3-4D85-9C93-0BBC002D6890}.Release|Any CPU.ActiveCfg = Release|Any CPU
		{2ED3BB05-8CE3-4D85-9C93-0BBC002D6890}.Release|Any CPU.Build.0 = Release|Any CPU
		{5F25DD44-4516-42B7-B371-F94EE0D6EC34}.Debug|Any CPU.ActiveCfg = Debug|Any CPU
		{5F25DD44-4516-42B7-B371-F94EE0D6EC34}.Debug|Any CPU.Build.0 = Debug|Any CPU
		{5F25DD44-4516-42B7-B371-F94EE0D6EC34}.Release|Any CPU.ActiveCfg = Release|Any CPU
		{5F25DD44-4516-42B7-B371-F94EE0D6EC34}.Release|Any CPU.Build.0 = Release|Any CPU
	EndGlobalSection
	GlobalSection(SolutionProperties) = preSolution
		HideSolutionNode = FALSE
	EndGlobalSection
EndGlobal
