
Microsoft Visual Studio Solution File, Format Version 10.00
# Visual C# Express 2008
Project("{FAE04EC0-301F-11D3-BF4B-00C04F79EFBC}") = "CQG2EPF", "CQG2EPF.csproj", "{28F09B37-5740-44FA-9AB1-BF3BC6A65DA5}"
EndProject
Global
	GlobalSection(SolutionConfigurationPlatforms) = preSolution
		Debug|Any CPU = Debug|Any CPU
		Release|Any CPU = Release|Any CPU
	EndGlobalSection
	GlobalSection(ProjectConfigurationPlatforms) = postSolution
		{28F09B37-5740-44FA-9AB1-BF3BC6A65DA5}.Debug|Any CPU.ActiveCfg = Debug|Any CPU
		{28F09B37-5740-44FA-9AB1-BF3BC6A65DA5}.Debug|Any CPU.Build.0 = Debug|Any CPU
		{28F09B37-5740-44FA-9AB1-BF3BC6A65DA5}.Release|Any CPU.ActiveCfg = Release|Any CPU
		{28F09B37-5740-44FA-9AB1-BF3BC6A65DA5}.Release|Any CPU.Build.0 = Release|Any CPU
	EndGlobalSection
	GlobalSection(SolutionProperties) = preSolution
		HideSolutionNode = FALSE
	EndGlobalSection
EndGlobal
