
Microsoft Visual Studio Solution File, Format Version 9.00
# Visual Studio 2005
Project("{8BC9CEB8-8B4A-11D0-8D11-00A0C91BC942}") = "AnvilServer", "AnvilServer\AnvilServer.vcproj", "{DE83C7DC-EFAA-483E-AFA7-8F39C65AEC95}"
	ProjectSection(ProjectDependencies) = postProject
		{70D6F9FC-3067-4527-8858-D931623554CF} = {70D6F9FC-3067-4527-8858-D931623554CF}
	EndProjectSection
EndProject
Project("{8BC9CEB8-8B4A-11D0-8D11-00A0C91BC942}") = "TWSServer", "TWSServer\TWSServer.vcproj", "{2C3054AB-14B9-421B-ABA1-DFA85CEAF9C0}"
	ProjectSection(ProjectDependencies) = postProject
		{70D6F9FC-3067-4527-8858-D931623554CF} = {70D6F9FC-3067-4527-8858-D931623554CF}
	EndProjectSection
EndProject
Project("{8BC9CEB8-8B4A-11D0-8D11-00A0C91BC942}") = "TestTradeLibFast", "TestTradeLibFast\TestTradeLibFast.vcproj", "{F5CAC916-B631-4800-8DEA-11848473AA7C}"
	ProjectSection(ProjectDependencies) = postProject
		{70D6F9FC-3067-4527-8858-D931623554CF} = {70D6F9FC-3067-4527-8858-D931623554CF}
	EndProjectSection
EndProject
Project("{8BC9CEB8-8B4A-11D0-8D11-00A0C91BC942}") = "TradeLibFast", "TradeLibFast\TradeLibFast.vcproj", "{70D6F9FC-3067-4527-8858-D931623554CF}"
EndProject
Global
	GlobalSection(SolutionConfigurationPlatforms) = preSolution
		Debug|Win32 = Debug|Win32
		Debug|x64 = Debug|x64
		Release|Win32 = Release|Win32
		Release|x64 = Release|x64
		Unicode Debug|Win32 = Unicode Debug|Win32
		Unicode Debug|x64 = Unicode Debug|x64
		Unicode Release|Win32 = Unicode Release|Win32
		Unicode Release|x64 = Unicode Release|x64
	EndGlobalSection
	GlobalSection(ProjectConfigurationPlatforms) = postSolution
		{DE83C7DC-EFAA-483E-AFA7-8F39C65AEC95}.Debug|Win32.ActiveCfg = Debug|Win32
		{DE83C7DC-EFAA-483E-AFA7-8F39C65AEC95}.Debug|Win32.Build.0 = Debug|Win32
		{DE83C7DC-EFAA-483E-AFA7-8F39C65AEC95}.Debug|x64.ActiveCfg = Debug|Win32
		{DE83C7DC-EFAA-483E-AFA7-8F39C65AEC95}.Debug|x64.Build.0 = Debug|Win32
		{DE83C7DC-EFAA-483E-AFA7-8F39C65AEC95}.Release|Win32.ActiveCfg = Release|Win32
		{DE83C7DC-EFAA-483E-AFA7-8F39C65AEC95}.Release|Win32.Build.0 = Release|Win32
		{DE83C7DC-EFAA-483E-AFA7-8F39C65AEC95}.Release|x64.ActiveCfg = Release|Win32
		{DE83C7DC-EFAA-483E-AFA7-8F39C65AEC95}.Release|x64.Build.0 = Release|Win32
		{DE83C7DC-EFAA-483E-AFA7-8F39C65AEC95}.Unicode Debug|Win32.ActiveCfg = Debug|Win32
		{DE83C7DC-EFAA-483E-AFA7-8F39C65AEC95}.Unicode Debug|Win32.Build.0 = Debug|Win32
		{DE83C7DC-EFAA-483E-AFA7-8F39C65AEC95}.Unicode Debug|x64.ActiveCfg = Debug|x64
		{DE83C7DC-EFAA-483E-AFA7-8F39C65AEC95}.Unicode Debug|x64.Build.0 = Debug|x64
		{DE83C7DC-EFAA-483E-AFA7-8F39C65AEC95}.Unicode Release|Win32.ActiveCfg = Release|Win32
		{DE83C7DC-EFAA-483E-AFA7-8F39C65AEC95}.Unicode Release|Win32.Build.0 = Release|Win32
		{DE83C7DC-EFAA-483E-AFA7-8F39C65AEC95}.Unicode Release|x64.ActiveCfg = Release|x64
		{DE83C7DC-EFAA-483E-AFA7-8F39C65AEC95}.Unicode Release|x64.Build.0 = Release|x64
		{2C3054AB-14B9-421B-ABA1-DFA85CEAF9C0}.Debug|Win32.ActiveCfg = Debug|Win32
		{2C3054AB-14B9-421B-ABA1-DFA85CEAF9C0}.Debug|Win32.Build.0 = Debug|Win32
		{2C3054AB-14B9-421B-ABA1-DFA85CEAF9C0}.Debug|x64.ActiveCfg = Debug|Win32
		{2C3054AB-14B9-421B-ABA1-DFA85CEAF9C0}.Debug|x64.Build.0 = Debug|Win32
		{2C3054AB-14B9-421B-ABA1-DFA85CEAF9C0}.Release|Win32.ActiveCfg = Release|Win32
		{2C3054AB-14B9-421B-ABA1-DFA85CEAF9C0}.Release|x64.ActiveCfg = Release|Win32
		{2C3054AB-14B9-421B-ABA1-DFA85CEAF9C0}.Release|x64.Build.0 = Release|Win32
		{2C3054AB-14B9-421B-ABA1-DFA85CEAF9C0}.Unicode Debug|Win32.ActiveCfg = Debug|Win32
		{2C3054AB-14B9-421B-ABA1-DFA85CEAF9C0}.Unicode Debug|Win32.Build.0 = Debug|Win32
		{2C3054AB-14B9-421B-ABA1-DFA85CEAF9C0}.Unicode Debug|x64.ActiveCfg = Debug|Win32
		{2C3054AB-14B9-421B-ABA1-DFA85CEAF9C0}.Unicode Release|Win32.ActiveCfg = Release|Win32
		{2C3054AB-14B9-421B-ABA1-DFA85CEAF9C0}.Unicode Release|Win32.Build.0 = Release|Win32
		{2C3054AB-14B9-421B-ABA1-DFA85CEAF9C0}.Unicode Release|x64.ActiveCfg = Release|Win32
		{F5CAC916-B631-4800-8DEA-11848473AA7C}.Debug|Win32.ActiveCfg = Debug|Win32
		{F5CAC916-B631-4800-8DEA-11848473AA7C}.Debug|Win32.Build.0 = Debug|Win32
		{F5CAC916-B631-4800-8DEA-11848473AA7C}.Debug|x64.ActiveCfg = Debug|Win32
		{F5CAC916-B631-4800-8DEA-11848473AA7C}.Debug|x64.Build.0 = Debug|Win32
		{F5CAC916-B631-4800-8DEA-11848473AA7C}.Release|Win32.ActiveCfg = Release|Win32
		{F5CAC916-B631-4800-8DEA-11848473AA7C}.Release|x64.ActiveCfg = Release|Win32
		{F5CAC916-B631-4800-8DEA-11848473AA7C}.Release|x64.Build.0 = Release|Win32
		{F5CAC916-B631-4800-8DEA-11848473AA7C}.Unicode Debug|Win32.ActiveCfg = Debug|Win32
		{F5CAC916-B631-4800-8DEA-11848473AA7C}.Unicode Debug|Win32.Build.0 = Debug|Win32
		{F5CAC916-B631-4800-8DEA-11848473AA7C}.Unicode Debug|x64.ActiveCfg = Debug|Win32
		{F5CAC916-B631-4800-8DEA-11848473AA7C}.Unicode Release|Win32.ActiveCfg = Release|Win32
		{F5CAC916-B631-4800-8DEA-11848473AA7C}.Unicode Release|Win32.Build.0 = Release|Win32
		{F5CAC916-B631-4800-8DEA-11848473AA7C}.Unicode Release|x64.ActiveCfg = Release|Win32
		{70D6F9FC-3067-4527-8858-D931623554CF}.Debug|Win32.ActiveCfg = Debug|Win32
		{70D6F9FC-3067-4527-8858-D931623554CF}.Debug|Win32.Build.0 = Debug|Win32
		{70D6F9FC-3067-4527-8858-D931623554CF}.Debug|x64.ActiveCfg = Debug|Win32
		{70D6F9FC-3067-4527-8858-D931623554CF}.Debug|x64.Build.0 = Debug|Win32
		{70D6F9FC-3067-4527-8858-D931623554CF}.Release|Win32.ActiveCfg = Release|Win32
		{70D6F9FC-3067-4527-8858-D931623554CF}.Release|Win32.Build.0 = Release|Win32
		{70D6F9FC-3067-4527-8858-D931623554CF}.Release|x64.ActiveCfg = Release|Win32
		{70D6F9FC-3067-4527-8858-D931623554CF}.Release|x64.Build.0 = Release|Win32
		{70D6F9FC-3067-4527-8858-D931623554CF}.Unicode Debug|Win32.ActiveCfg = Debug|Win32
		{70D6F9FC-3067-4527-8858-D931623554CF}.Unicode Debug|Win32.Build.0 = Debug|Win32
		{70D6F9FC-3067-4527-8858-D931623554CF}.Unicode Debug|x64.ActiveCfg = Debug|Win32
		{70D6F9FC-3067-4527-8858-D931623554CF}.Unicode Release|Win32.ActiveCfg = Release|Win32
		{70D6F9FC-3067-4527-8858-D931623554CF}.Unicode Release|Win32.Build.0 = Release|Win32
		{70D6F9FC-3067-4527-8858-D931623554CF}.Unicode Release|x64.ActiveCfg = Release|Win32
	EndGlobalSection
	GlobalSection(SolutionProperties) = preSolution
		HideSolutionNode = FALSE
	EndGlobalSection
EndGlobal
